
Microsoft Visual Studio Solution File, Format Version 12.00
# Visual Studio 15
VisualStudioVersion = 15.0.28307.1340
MinimumVisualStudioVersion = 10.0.40219.1
Project("{2150E333-8FDC-42A3-9474-1A3956D46DE8}") = "Claim.Domain.Core", "Claim.Domain.Core", "{B4887E9E-E980-4FEA-B9A5-C172707DE1FA}"
EndProject
Project("{FAE04EC0-301F-11D3-BF4B-00C04F79EFBC}") = "Claim.Domain.Core", "Claim.Domain.Core\Claim.Domain.Core.csproj", "{0C8CE366-C1C0-46F3-8BCA-A03C3B860DB2}"
EndProject
Project("{2150E333-8FDC-42A3-9474-1A3956D46DE8}") = "Claim.Infra.IoC", "Claim.Infra.IoC", "{6FC59918-7437-458E-8DD7-B47A948DF82D}"
EndProject
Project("{FAE04EC0-301F-11D3-BF4B-00C04F79EFBC}") = "Claim.Infra.IoC", "Claim.Infra.IoC\Claim.Infra.IoC.csproj", "{151E2027-B15E-49C5-A721-BA7BBBD4CBE4}"
EndProject
Project("{2150E333-8FDC-42A3-9474-1A3956D46DE8}") = "Claim.WebAPI", "Claim.WebAPI", "{6960620D-7A60-4C0C-8A8C-198337CC588A}"
EndProject
Project("{2150E333-8FDC-42A3-9474-1A3956D46DE8}") = "Claim.ClaimService", "Claim.ClaimService", "{256DE592-F948-4B26-9E77-3297DD4C616B}"
EndProject
Project("{2150E333-8FDC-42A3-9474-1A3956D46DE8}") = "Claim.ClaimService.API", "Claim.ClaimService.API", "{6A3D15C4-EC64-459F-8816-5717F73EE192}"
EndProject
Project("{2150E333-8FDC-42A3-9474-1A3956D46DE8}") = "Claim.IdentityService", "Claim.IdentityService", "{EC6A8F3B-ADB7-4CE1-8E2E-AA79BD0087F8}"
EndProject
Project("{2150E333-8FDC-42A3-9474-1A3956D46DE8}") = "Claim.IdentityService.API", "Claim.IdentityService.API", "{8C8C2337-AA8C-4C89-ABA2-FC3F8EC866D2}"
EndProject
Project("{2150E333-8FDC-42A3-9474-1A3956D46DE8}") = "Claim.LoggerService", "Claim.LoggerService", "{E329FAEF-6CB7-4EAF-8F81-FE1DF5C1E6FF}"
EndProject
Project("{2150E333-8FDC-42A3-9474-1A3956D46DE8}") = "API", "API", "{B632A2AC-4B83-4FC0-9328-66727D723B4F}"
EndProject
Project("{9A19103F-16F7-4668-BE54-9A1E7A4F7556}") = "Claim.Logger.API", "Claim.Logger.API\Claim.Logger.API.csproj", "{4225B413-0DBE-43CC-AC24-AB947DA37A0C}"
EndProject
Project("{9A19103F-16F7-4668-BE54-9A1E7A4F7556}") = "Claim.Identity.API", "Claim.Identity.API\Claim.Identity.API.csproj", "{BF318B7C-BE8F-4316-9678-541DB190E61A}"
EndProject
Project("{2150E333-8FDC-42A3-9474-1A3956D46DE8}") = "Claim.Infra.Bus", "Claim.Infra.Bus", "{6DA51D4D-0619-4375-8495-C03B58621132}"
EndProject
Project("{FAE04EC0-301F-11D3-BF4B-00C04F79EFBC}") = "Claim.Infra.Bus", "Claim.Infra.Bus\Claim.Infra.Bus.csproj", "{EFFE3AF9-329C-4E5A-BDCD-E31A7257667C}"
EndProject
Project("{2150E333-8FDC-42A3-9474-1A3956D46DE8}") = "Claim.ClaimService.Application", "Claim.ClaimService.Application", "{B2D8D6B3-3DCA-4F69-8D83-434BFEF13372}"
EndProject
Project("{FAE04EC0-301F-11D3-BF4B-00C04F79EFBC}") = "Claim.ClaimService.Application", "Claim.ClaimService.Application\Claim.ClaimService.Application.csproj", "{CD7A588D-9204-487C-A42F-2BB7AE164A5A}"
EndProject
Project("{2150E333-8FDC-42A3-9474-1A3956D46DE8}") = "Claim.ClaimService.Data", "Claim.ClaimService.Data", "{A7E1DADC-9C0D-46B9-ABA2-2244B5F03484}"
EndProject
Project("{FAE04EC0-301F-11D3-BF4B-00C04F79EFBC}") = "Claim.ClaimService.Data", "Claim.ClaimService.Data\Claim.ClaimService.Data.csproj", "{A2712716-4E2F-48A4-9A31-627DCB9D15B8}"
EndProject
Project("{2150E333-8FDC-42A3-9474-1A3956D46DE8}") = "Claim.ClaimService.Domain", "Claim.ClaimService.Domain", "{2E8A6076-D40B-4172-92AB-F6C5C5F3A60B}"
EndProject
Project("{FAE04EC0-301F-11D3-BF4B-00C04F79EFBC}") = "Claim.ClaimService.Domain", "Claim.ClaimService.Domain\Claim.ClaimService.Domain.csproj", "{04C071A4-3B1B-423B-9594-D427A296AC16}"
EndProject
Project("{9A19103F-16F7-4668-BE54-9A1E7A4F7556}") = "Claim.ClaimService.API", "Claim.ClaimService.API\Claim.ClaimService.API.csproj", "{21D2534D-E4A6-4AA8-87BD-2A1AC9F17FE9}"
EndProject
Project("{2150E333-8FDC-42A3-9474-1A3956D46DE8}") = "IdentityService.Application", "IdentityService.Application", "{6FDDE2E7-50B7-4B72-B52E-608019872D7E}"
EndProject
Project("{2150E333-8FDC-42A3-9474-1A3956D46DE8}") = "Claim.IdentityService.Data", "Claim.IdentityService.Data", "{C4EFC754-FBE2-41E9-B1C0-CEEC5AF592E2}"
EndProject
Project("{FAE04EC0-301F-11D3-BF4B-00C04F79EFBC}") = "Claim.IdentityService.Data", "Claim.IdentityService.Data\Claim.IdentityService.Data.csproj", "{FCBD5160-93AB-44E8-BB60-60ED3B74EB1A}"
EndProject
Project("{9A19103F-16F7-4668-BE54-9A1E7A4F7556}") = "Claim.IdentityService.Application", "Claim.IdentityService.Application\Claim.IdentityService.Application.csproj", "{1AD88FE8-C708-4FFB-8A9C-D10256337E70}"
EndProject
Project("{2150E333-8FDC-42A3-9474-1A3956D46DE8}") = "IdentityService.Domain", "IdentityService.Domain", "{796CE51F-7278-4BA4-BFC0-CB56D226F75B}"
EndProject
Project("{FAE04EC0-301F-11D3-BF4B-00C04F79EFBC}") = "Claim.IdentityService.Domain", "Claim.IdentityService.Domain\Claim.IdentityService.Domain.csproj", "{6A0B6C91-16CA-4C35-AD8A-39120BE41FA3}"
EndProject
Project("{2150E333-8FDC-42A3-9474-1A3956D46DE8}") = "Claim.Presentations", "Claim.Presentations", "{1FD0B3B0-048C-45F0-99FB-B544C2AFD2C3}"
EndProject
Project("{2150E333-8FDC-42A3-9474-1A3956D46DE8}") = "ClientApp", "ClientApp", "{7887BD0E-1F54-4AD4-A703-CB2A90E395BE}"
EndProject
Project("{2150E333-8FDC-42A3-9474-1A3956D46DE8}") = "ClassicApp", "ClassicApp", "{613583FE-E01A-4221-9D83-70CB591F3096}"
EndProject
Project("{FAE04EC0-301F-11D3-BF4B-00C04F79EFBC}") = "Claim.ClassicApp", "Claim.ClassicApp\Claim.ClassicApp.csproj", "{17E8DE96-9113-4909-A923-ADF130B254B5}"
EndProject
Project("{E24C65DC-7377-472B-9ABA-BC803B73C61A}") = "ClientApp", "Claim.Presentations\ClientApp\", "{270743CD-4AD4-44B5-860A-D84104301F10}"
	ProjectSection(WebsiteProperties) = preProject
		TargetFrameworkMoniker = ".NETFramework,Version%3Dv4.0"
		Debug.AspNetCompiler.VirtualPath = "/localhost_61992"
		Debug.AspNetCompiler.PhysicalPath = "Claim.Presentations\ClientApp\"
		Debug.AspNetCompiler.TargetPath = "PrecompiledWeb\localhost_61992\"
		Debug.AspNetCompiler.Updateable = "true"
		Debug.AspNetCompiler.ForceOverwrite = "true"
		Debug.AspNetCompiler.FixedNames = "false"
		Debug.AspNetCompiler.Debug = "True"
		Release.AspNetCompiler.VirtualPath = "/localhost_61992"
		Release.AspNetCompiler.PhysicalPath = "Claim.Presentations\ClientApp\"
		Release.AspNetCompiler.TargetPath = "PrecompiledWeb\localhost_61992\"
		Release.AspNetCompiler.Updateable = "true"
		Release.AspNetCompiler.ForceOverwrite = "true"
		Release.AspNetCompiler.FixedNames = "false"
		Release.AspNetCompiler.Debug = "False"
		VWDPort = "61992"
		SlnRelativePath = "Claim.Presentations\ClientApp\"
	EndProjectSection
EndProject
Global
	GlobalSection(SolutionConfigurationPlatforms) = preSolution
		Debug|Any CPU = Debug|Any CPU
		Release|Any CPU = Release|Any CPU
	EndGlobalSection
	GlobalSection(ProjectConfigurationPlatforms) = postSolution
		{0C8CE366-C1C0-46F3-8BCA-A03C3B860DB2}.Debug|Any CPU.ActiveCfg = Debug|Any CPU
		{0C8CE366-C1C0-46F3-8BCA-A03C3B860DB2}.Debug|Any CPU.Build.0 = Debug|Any CPU
		{0C8CE366-C1C0-46F3-8BCA-A03C3B860DB2}.Release|Any CPU.ActiveCfg = Release|Any CPU
		{0C8CE366-C1C0-46F3-8BCA-A03C3B860DB2}.Release|Any CPU.Build.0 = Release|Any CPU
		{151E2027-B15E-49C5-A721-BA7BBBD4CBE4}.Debug|Any CPU.ActiveCfg = Debug|Any CPU
		{151E2027-B15E-49C5-A721-BA7BBBD4CBE4}.Debug|Any CPU.Build.0 = Debug|Any CPU
		{151E2027-B15E-49C5-A721-BA7BBBD4CBE4}.Release|Any CPU.ActiveCfg = Release|Any CPU
		{151E2027-B15E-49C5-A721-BA7BBBD4CBE4}.Release|Any CPU.Build.0 = Release|Any CPU
		{4225B413-0DBE-43CC-AC24-AB947DA37A0C}.Debug|Any CPU.ActiveCfg = Debug|Any CPU
		{4225B413-0DBE-43CC-AC24-AB947DA37A0C}.Debug|Any CPU.Build.0 = Debug|Any CPU
		{4225B413-0DBE-43CC-AC24-AB947DA37A0C}.Release|Any CPU.ActiveCfg = Release|Any CPU
		{4225B413-0DBE-43CC-AC24-AB947DA37A0C}.Release|Any CPU.Build.0 = Release|Any CPU
		{BF318B7C-BE8F-4316-9678-541DB190E61A}.Debug|Any CPU.ActiveCfg = Debug|Any CPU
		{BF318B7C-BE8F-4316-9678-541DB190E61A}.Debug|Any CPU.Build.0 = Debug|Any CPU
		{BF318B7C-BE8F-4316-9678-541DB190E61A}.Release|Any CPU.ActiveCfg = Release|Any CPU
		{BF318B7C-BE8F-4316-9678-541DB190E61A}.Release|Any CPU.Build.0 = Release|Any CPU
		{EFFE3AF9-329C-4E5A-BDCD-E31A7257667C}.Debug|Any CPU.ActiveCfg = Debug|Any CPU
		{EFFE3AF9-329C-4E5A-BDCD-E31A7257667C}.Debug|Any CPU.Build.0 = Debug|Any CPU
		{EFFE3AF9-329C-4E5A-BDCD-E31A7257667C}.Release|Any CPU.ActiveCfg = Release|Any CPU
		{EFFE3AF9-329C-4E5A-BDCD-E31A7257667C}.Release|Any CPU.Build.0 = Release|Any CPU
		{CD7A588D-9204-487C-A42F-2BB7AE164A5A}.Debug|Any CPU.ActiveCfg = Debug|Any CPU
		{CD7A588D-9204-487C-A42F-2BB7AE164A5A}.Debug|Any CPU.Build.0 = Debug|Any CPU
		{CD7A588D-9204-487C-A42F-2BB7AE164A5A}.Release|Any CPU.ActiveCfg = Release|Any CPU
		{CD7A588D-9204-487C-A42F-2BB7AE164A5A}.Release|Any CPU.Build.0 = Release|Any CPU
		{A2712716-4E2F-48A4-9A31-627DCB9D15B8}.Debug|Any CPU.ActiveCfg = Debug|Any CPU
		{A2712716-4E2F-48A4-9A31-627DCB9D15B8}.Debug|Any CPU.Build.0 = Debug|Any CPU
		{A2712716-4E2F-48A4-9A31-627DCB9D15B8}.Release|Any CPU.ActiveCfg = Release|Any CPU
		{A2712716-4E2F-48A4-9A31-627DCB9D15B8}.Release|Any CPU.Build.0 = Release|Any CPU
		{04C071A4-3B1B-423B-9594-D427A296AC16}.Debug|Any CPU.ActiveCfg = Debug|Any CPU
		{04C071A4-3B1B-423B-9594-D427A296AC16}.Debug|Any CPU.Build.0 = Debug|Any CPU
		{04C071A4-3B1B-423B-9594-D427A296AC16}.Release|Any CPU.ActiveCfg = Release|Any CPU
		{04C071A4-3B1B-423B-9594-D427A296AC16}.Release|Any CPU.Build.0 = Release|Any CPU
		{21D2534D-E4A6-4AA8-87BD-2A1AC9F17FE9}.Debug|Any CPU.ActiveCfg = Debug|Any CPU
		{21D2534D-E4A6-4AA8-87BD-2A1AC9F17FE9}.Debug|Any CPU.Build.0 = Debug|Any CPU
		{21D2534D-E4A6-4AA8-87BD-2A1AC9F17FE9}.Release|Any CPU.ActiveCfg = Release|Any CPU
		{21D2534D-E4A6-4AA8-87BD-2A1AC9F17FE9}.Release|Any CPU.Build.0 = Release|Any CPU
		{FCBD5160-93AB-44E8-BB60-60ED3B74EB1A}.Debug|Any CPU.ActiveCfg = Debug|Any CPU
		{FCBD5160-93AB-44E8-BB60-60ED3B74EB1A}.Debug|Any CPU.Build.0 = Debug|Any CPU
		{FCBD5160-93AB-44E8-BB60-60ED3B74EB1A}.Release|Any CPU.ActiveCfg = Release|Any CPU
		{FCBD5160-93AB-44E8-BB60-60ED3B74EB1A}.Release|Any CPU.Build.0 = Release|Any CPU
		{1AD88FE8-C708-4FFB-8A9C-D10256337E70}.Debug|Any CPU.ActiveCfg = Debug|Any CPU
		{1AD88FE8-C708-4FFB-8A9C-D10256337E70}.Debug|Any CPU.Build.0 = Debug|Any CPU
		{1AD88FE8-C708-4FFB-8A9C-D10256337E70}.Release|Any CPU.ActiveCfg = Release|Any CPU
		{1AD88FE8-C708-4FFB-8A9C-D10256337E70}.Release|Any CPU.Build.0 = Release|Any CPU
		{6A0B6C91-16CA-4C35-AD8A-39120BE41FA3}.Debug|Any CPU.ActiveCfg = Debug|Any CPU
		{6A0B6C91-16CA-4C35-AD8A-39120BE41FA3}.Debug|Any CPU.Build.0 = Debug|Any CPU
		{6A0B6C91-16CA-4C35-AD8A-39120BE41FA3}.Release|Any CPU.ActiveCfg = Release|Any CPU
		{6A0B6C91-16CA-4C35-AD8A-39120BE41FA3}.Release|Any CPU.Build.0 = Release|Any CPU
		{17E8DE96-9113-4909-A923-ADF130B254B5}.Debug|Any CPU.ActiveCfg = Debug|Any CPU
		{17E8DE96-9113-4909-A923-ADF130B254B5}.Debug|Any CPU.Build.0 = Debug|Any CPU
		{17E8DE96-9113-4909-A923-ADF130B254B5}.Release|Any CPU.ActiveCfg = Release|Any CPU
		{17E8DE96-9113-4909-A923-ADF130B254B5}.Release|Any CPU.Build.0 = Release|Any CPU
		{270743CD-4AD4-44B5-860A-D84104301F10}.Debug|Any CPU.ActiveCfg = Debug|Any CPU
		{270743CD-4AD4-44B5-860A-D84104301F10}.Debug|Any CPU.Build.0 = Debug|Any CPU
		{270743CD-4AD4-44B5-860A-D84104301F10}.Release|Any CPU.ActiveCfg = Debug|Any CPU
		{270743CD-4AD4-44B5-860A-D84104301F10}.Release|Any CPU.Build.0 = Debug|Any CPU
	EndGlobalSection
	GlobalSection(SolutionProperties) = preSolution
		HideSolutionNode = FALSE
	EndGlobalSection
	GlobalSection(NestedProjects) = preSolution
		{0C8CE366-C1C0-46F3-8BCA-A03C3B860DB2} = {B4887E9E-E980-4FEA-B9A5-C172707DE1FA}
		{151E2027-B15E-49C5-A721-BA7BBBD4CBE4} = {6FC59918-7437-458E-8DD7-B47A948DF82D}
		{256DE592-F948-4B26-9E77-3297DD4C616B} = {6960620D-7A60-4C0C-8A8C-198337CC588A}
		{6A3D15C4-EC64-459F-8816-5717F73EE192} = {256DE592-F948-4B26-9E77-3297DD4C616B}
		{EC6A8F3B-ADB7-4CE1-8E2E-AA79BD0087F8} = {6960620D-7A60-4C0C-8A8C-198337CC588A}
		{8C8C2337-AA8C-4C89-ABA2-FC3F8EC866D2} = {EC6A8F3B-ADB7-4CE1-8E2E-AA79BD0087F8}
		{E329FAEF-6CB7-4EAF-8F81-FE1DF5C1E6FF} = {6960620D-7A60-4C0C-8A8C-198337CC588A}
		{B632A2AC-4B83-4FC0-9328-66727D723B4F} = {E329FAEF-6CB7-4EAF-8F81-FE1DF5C1E6FF}
		{4225B413-0DBE-43CC-AC24-AB947DA37A0C} = {B632A2AC-4B83-4FC0-9328-66727D723B4F}
		{BF318B7C-BE8F-4316-9678-541DB190E61A} = {8C8C2337-AA8C-4C89-ABA2-FC3F8EC866D2}
		{EFFE3AF9-329C-4E5A-BDCD-E31A7257667C} = {6DA51D4D-0619-4375-8495-C03B58621132}
		{B2D8D6B3-3DCA-4F69-8D83-434BFEF13372} = {256DE592-F948-4B26-9E77-3297DD4C616B}
		{CD7A588D-9204-487C-A42F-2BB7AE164A5A} = {B2D8D6B3-3DCA-4F69-8D83-434BFEF13372}
		{A7E1DADC-9C0D-46B9-ABA2-2244B5F03484} = {256DE592-F948-4B26-9E77-3297DD4C616B}
		{A2712716-4E2F-48A4-9A31-627DCB9D15B8} = {A7E1DADC-9C0D-46B9-ABA2-2244B5F03484}
		{2E8A6076-D40B-4172-92AB-F6C5C5F3A60B} = {256DE592-F948-4B26-9E77-3297DD4C616B}
		{04C071A4-3B1B-423B-9594-D427A296AC16} = {2E8A6076-D40B-4172-92AB-F6C5C5F3A60B}
		{21D2534D-E4A6-4AA8-87BD-2A1AC9F17FE9} = {6A3D15C4-EC64-459F-8816-5717F73EE192}
		{6FDDE2E7-50B7-4B72-B52E-608019872D7E} = {EC6A8F3B-ADB7-4CE1-8E2E-AA79BD0087F8}
		{C4EFC754-FBE2-41E9-B1C0-CEEC5AF592E2} = {EC6A8F3B-ADB7-4CE1-8E2E-AA79BD0087F8}
		{FCBD5160-93AB-44E8-BB60-60ED3B74EB1A} = {C4EFC754-FBE2-41E9-B1C0-CEEC5AF592E2}
		{1AD88FE8-C708-4FFB-8A9C-D10256337E70} = {6FDDE2E7-50B7-4B72-B52E-608019872D7E}
		{796CE51F-7278-4BA4-BFC0-CB56D226F75B} = {EC6A8F3B-ADB7-4CE1-8E2E-AA79BD0087F8}
		{6A0B6C91-16CA-4C35-AD8A-39120BE41FA3} = {796CE51F-7278-4BA4-BFC0-CB56D226F75B}
		{7887BD0E-1F54-4AD4-A703-CB2A90E395BE} = {1FD0B3B0-048C-45F0-99FB-B544C2AFD2C3}
		{613583FE-E01A-4221-9D83-70CB591F3096} = {1FD0B3B0-048C-45F0-99FB-B544C2AFD2C3}
		{17E8DE96-9113-4909-A923-ADF130B254B5} = {613583FE-E01A-4221-9D83-70CB591F3096}
		{270743CD-4AD4-44B5-860A-D84104301F10} = {7887BD0E-1F54-4AD4-A703-CB2A90E395BE}
	EndGlobalSection
	GlobalSection(ExtensibilityGlobals) = postSolution
		SolutionGuid = {28A64FE6-DBBB-4BCA-A375-3B551A1B389A}
	EndGlobalSection
EndGlobal
